
Microsoft Visual Studio Solution File, Format Version 12.00
# Visual Studio Version 17
VisualStudioVersion = 17.14.37628.2 d17.14
MinimumVisualStudioVersion = 10.0.40219.1
Project("{FAE04EC0-301F-11D3-BF4B-00C04F79EFBC}") = "MauiApTempo", "MauiApTempo\MauiApTempo.csproj", "{87DA83C8-9BA3-4C68-9FD2-E619788794E6}"
EndProject
Global
	GlobalSection(SolutionConfigurationPlatforms) = preSolution
		Debug|Any CPU = Debug|Any CPU
		Release|Any CPU = Release|Any CPU
	EndGlobalSection
	GlobalSection(ProjectConfigurationPlatforms) = postSolution
		{87DA83C8-9BA3-4C68-9FD2-E619788794E6}.Debug|Any CPU.ActiveCfg = Debug|Any CPU
		{87DA83C8-9BA3-4C68-9FD2-E619788794E6}.Debug|Any CPU.Build.0 = Debug|Any CPU
		{87DA83C8-9BA3-4C68-9FD2-E619788794E6}.Debug|Any CPU.Deploy.0 = Debug|Any CPU
		{87DA83C8-9BA3-4C68-9FD2-E619788794E6}.Release|Any CPU.ActiveCfg = Release|Any CPU
		{87DA83C8-9BA3-4C68-9FD2-E619788794E6}.Release|Any CPU.Build.0 = Release|Any CPU
		{87DA83C8-9BA3-4C68-9FD2-E619788794E6}.Release|Any CPU.Deploy.0 = Release|Any CPU
	EndGlobalSection
	GlobalSection(SolutionProperties) = preSolution
		HideSolutionNode = FALSE
	EndGlobalSection
	GlobalSection(ExtensibilityGlobals) = postSolution
		SolutionGuid = {D691491B-28A7-4484-B3FF-8887B0667276}
	EndGlobalSection
EndGlobal
